// !$*UTF8*$!
{
	archiveVersion = 1;
	classes = {
	};
	objectVersion = 50;
	objects = {

/* Begin PBXBuildFile section */
		1688666DC45BC706210C517B /* Pods_SemsterProject9Tests.framework in Frameworks */ = {isa = PBXBuildFile; fileRef = C0BEF40988A4D9421B07EE8B /* Pods_SemsterProject9Tests.framework */; };
		3315A7392289F766001A5E59 /* AppImageView.swift in Sources */ = {isa = PBXBuildFile; fileRef = 3315A7382289F766001A5E59 /* AppImageView.swift */; };
		3315A73B2289F8BF001A5E59 /* AppIcon.png in Resources */ = {isa = PBXBuildFile; fileRef = 3315A73A2289F8BF001A5E59 /* AppIcon.png */; };
		3325957A2287B80600178F47 /* CreateSwiftLibController.swift in Sources */ = {isa = PBXBuildFile; fileRef = 332595792287B80600178F47 /* CreateSwiftLibController.swift */; };
		47A2D79926897ECE6EC7B6F8 /* Pods_SemsterProject9.framework in Frameworks */ = {isa = PBXBuildFile; fileRef = D203E35BB5885981C2FAE42C /* Pods_SemsterProject9.framework */; };
		83AD02592280FFF200B0907A /* SwiftLibTableViewCell.swift in Sources */ = {isa = PBXBuildFile; fileRef = 83AD02582280FFF200B0907A /* SwiftLibTableViewCell.swift */; };
		83AD02612281307000B0907A /* SwiftLibTableViewController.swift in Sources */ = {isa = PBXBuildFile; fileRef = 83AD02602281307000B0907A /* SwiftLibTableViewController.swift */; };
		83AD02B0228602FF00B0907A /* GoogleService-Info.plist in Resources */ = {isa = PBXBuildFile; fileRef = 83AD02AF228602FF00B0907A /* GoogleService-Info.plist */; };
		B0C5FFFE19024C79CE6BE9E7 /* Pods_SemsterProject9UITests.framework in Frameworks */ = {isa = PBXBuildFile; fileRef = 9732A78E5511089C978328E4 /* Pods_SemsterProject9UITests.framework */; };
		CEF79554226C95D00013EF9C /* AppDelegate.swift in Sources */ = {isa = PBXBuildFile; fileRef = CEF79553226C95D00013EF9C /* AppDelegate.swift */; };
		CEF79556226C95D00013EF9C /* ViewController.swift in Sources */ = {isa = PBXBuildFile; fileRef = CEF79555226C95D00013EF9C /* ViewController.swift */; };
		CEF79559226C95D00013EF9C /* Main.storyboard in Resources */ = {isa = PBXBuildFile; fileRef = CEF79557226C95D00013EF9C /* Main.storyboard */; };
		CEF7955B226C95D10013EF9C /* Assets.xcassets in Resources */ = {isa = PBXBuildFile; fileRef = CEF7955A226C95D10013EF9C /* Assets.xcassets */; };
		CEF7955E226C95D10013EF9C /* LaunchScreen.storyboard in Resources */ = {isa = PBXBuildFile; fileRef = CEF7955C226C95D10013EF9C /* LaunchScreen.storyboard */; };
		CEF79569226C95D20013EF9C /* SemsterProject9Tests.swift in Sources */ = {isa = PBXBuildFile; fileRef = CEF79568226C95D20013EF9C /* SemsterProject9Tests.swift */; };
		CEF79574226C95D20013EF9C /* SemsterProject9UITests.swift in Sources */ = {isa = PBXBuildFile; fileRef = CEF79573226C95D20013EF9C /* SemsterProject9UITests.swift */; };
		CEF79582226C96110013EF9C /* SwiftLibObj.swift in Sources */ = {isa = PBXBuildFile; fileRef = CEF79581226C96110013EF9C /* SwiftLibObj.swift */; };
/* End PBXBuildFile section */

/* Begin PBXContainerItemProxy section */
		CEF79565226C95D20013EF9C /* PBXContainerItemProxy */ = {
			isa = PBXContainerItemProxy;
			containerPortal = CEF79548226C95D00013EF9C /* Project object */;
			proxyType = 1;
			remoteGlobalIDString = CEF7954F226C95D00013EF9C;
			remoteInfo = SemsterProject9;
		};
		CEF79570226C95D20013EF9C /* PBXContainerItemProxy */ = {
			isa = PBXContainerItemProxy;
			containerPortal = CEF79548226C95D00013EF9C /* Project object */;
			proxyType = 1;
			remoteGlobalIDString = CEF7954F226C95D00013EF9C;
			remoteInfo = SemsterProject9;
		};
/* End PBXContainerItemProxy section */

/* Begin PBXFileReference section */
		089DBEAEA2E7EDC5F7D43166 /* Pods-SemsterProject9.debug.xcconfig */ = {isa = PBXFileReference; includeInIndex = 1; lastKnownFileType = text.xcconfig; name = "Pods-SemsterProject9.debug.xcconfig"; path = "Target Support Files/Pods-SemsterProject9/Pods-SemsterProject9.debug.xcconfig"; sourceTree = "<group>"; };
		3315A7382289F766001A5E59 /* AppImageView.swift */ = {isa = PBXFileReference; lastKnownFileType = sourcecode.swift; path = AppImageView.swift; sourceTree = "<group>"; };
		3315A73A2289F8BF001A5E59 /* AppIcon.png */ = {isa = PBXFileReference; lastKnownFileType = image.png; path = AppIcon.png; sourceTree = "<group>"; };
		332595792287B80600178F47 /* CreateSwiftLibController.swift */ = {isa = PBXFileReference; lastKnownFileType = sourcecode.swift; path = CreateSwiftLibController.swift; sourceTree = "<group>"; };
		4F9ECFEF0A48E4580CDAA14A /* Pods-SemsterProject9Tests.release.xcconfig */ = {isa = PBXFileReference; includeInIndex = 1; lastKnownFileType = text.xcconfig; name = "Pods-SemsterProject9Tests.release.xcconfig"; path = "Target Support Files/Pods-SemsterProject9Tests/Pods-SemsterProject9Tests.release.xcconfig"; sourceTree = "<group>"; };
		7EE8C51C5C28C52275F15DE1 /* Pods-SemsterProject9UITests.release.xcconfig */ = {isa = PBXFileReference; includeInIndex = 1; lastKnownFileType = text.xcconfig; name = "Pods-SemsterProject9UITests.release.xcconfig"; path = "Target Support Files/Pods-SemsterProject9UITests/Pods-SemsterProject9UITests.release.xcconfig"; sourceTree = "<group>"; };
		83AD02582280FFF200B0907A /* SwiftLibTableViewCell.swift */ = {isa = PBXFileReference; lastKnownFileType = sourcecode.swift; path = SwiftLibTableViewCell.swift; sourceTree = "<group>"; };
		83AD02602281307000B0907A /* SwiftLibTableViewController.swift */ = {isa = PBXFileReference; lastKnownFileType = sourcecode.swift; path = SwiftLibTableViewController.swift; sourceTree = "<group>"; };
		83AD02AF228602FF00B0907A /* GoogleService-Info.plist */ = {isa = PBXFileReference; fileEncoding = 4; lastKnownFileType = text.plist.xml; path = "GoogleService-Info.plist"; sourceTree = "<group>"; };
		846FE2F69E4EAC3221EE9D0C /* Pods-SemsterProject9Tests.debug.xcconfig */ = {isa = PBXFileReference; includeInIndex = 1; lastKnownFileType = text.xcconfig; name = "Pods-SemsterProject9Tests.debug.xcconfig"; path = "Target Support Files/Pods-SemsterProject9Tests/Pods-SemsterProject9Tests.debug.xcconfig"; sourceTree = "<group>"; };
		9732A78E5511089C978328E4 /* Pods_SemsterProject9UITests.framework */ = {isa = PBXFileReference; explicitFileType = wrapper.framework; includeInIndex = 0; path = Pods_SemsterProject9UITests.framework; sourceTree = BUILT_PRODUCTS_DIR; };
		C0BEF40988A4D9421B07EE8B /* Pods_SemsterProject9Tests.framework */ = {isa = PBXFileReference; explicitFileType = wrapper.framework; includeInIndex = 0; path = Pods_SemsterProject9Tests.framework; sourceTree = BUILT_PRODUCTS_DIR; };
		C5568242F354AA2EA9179F92 /* Pods-SemsterProject9UITests.debug.xcconfig */ = {isa = PBXFileReference; includeInIndex = 1; lastKnownFileType = text.xcconfig; name = "Pods-SemsterProject9UITests.debug.xcconfig"; path = "Target Support Files/Pods-SemsterProject9UITests/Pods-SemsterProject9UITests.debug.xcconfig"; sourceTree = "<group>"; };
		CEF79550226C95D00013EF9C /* SemsterProject9.app */ = {isa = PBXFileReference; explicitFileType = wrapper.application; includeInIndex = 0; path = SemsterProject9.app; sourceTree = BUILT_PRODUCTS_DIR; };
		CEF79553226C95D00013EF9C /* AppDelegate.swift */ = {isa = PBXFileReference; lastKnownFileType = sourcecode.swift; path = AppDelegate.swift; sourceTree = "<group>"; };
		CEF79555226C95D00013EF9C /* ViewController.swift */ = {isa = PBXFileReference; lastKnownFileType = sourcecode.swift; path = ViewController.swift; sourceTree = "<group>"; };
		CEF79558226C95D00013EF9C /* Base */ = {isa = PBXFileReference; lastKnownFileType = file.storyboard; name = Base; path = Base.lproj/Main.storyboard; sourceTree = "<group>"; };
		CEF7955A226C95D10013EF9C /* Assets.xcassets */ = {isa = PBXFileReference; lastKnownFileType = folder.assetcatalog; path = Assets.xcassets; sourceTree = "<group>"; };
		CEF7955D226C95D10013EF9C /* Base */ = {isa = PBXFileReference; lastKnownFileType = file.storyboard; name = Base; path = Base.lproj/LaunchScreen.storyboard; sourceTree = "<group>"; };
		CEF7955F226C95D10013EF9C /* Info.plist */ = {isa = PBXFileReference; lastKnownFileType = text.plist.xml; path = Info.plist; sourceTree = "<group>"; };
		CEF79564226C95D20013EF9C /* SemsterProject9Tests.xctest */ = {isa = PBXFileReference; explicitFileType = wrapper.cfbundle; includeInIndex = 0; path = SemsterProject9Tests.xctest; sourceTree = BUILT_PRODUCTS_DIR; };
		CEF79568226C95D20013EF9C /* SemsterProject9Tests.swift */ = {isa = PBXFileReference; lastKnownFileType = sourcecode.swift; path = SemsterProject9Tests.swift; sourceTree = "<group>"; };
		CEF7956A226C95D20013EF9C /* Info.plist */ = {isa = PBXFileReference; lastKnownFileType = text.plist.xml; path = Info.plist; sourceTree = "<group>"; };
		CEF7956F226C95D20013EF9C /* SemsterProject9UITests.xctest */ = {isa = PBXFileReference; explicitFileType = wrapper.cfbundle; includeInIndex = 0; path = SemsterProject9UITests.xctest; sourceTree = BUILT_PRODUCTS_DIR; };
		CEF79573226C95D20013EF9C /* SemsterProject9UITests.swift */ = {isa = PBXFileReference; lastKnownFileType = sourcecode.swift; path = SemsterProject9UITests.swift; sourceTree = "<group>"; };
		CEF79575226C95D20013EF9C /* Info.plist */ = {isa = PBXFileReference; lastKnownFileType = text.plist.xml; path = Info.plist; sourceTree = "<group>"; };
		CEF79581226C96110013EF9C /* SwiftLibObj.swift */ = {isa = PBXFileReference; lastKnownFileType = sourcecode.swift; path = SwiftLibObj.swift; sourceTree = "<group>"; };
		D203E35BB5885981C2FAE42C /* Pods_SemsterProject9.framework */ = {isa = PBXFileReference; explicitFileType = wrapper.framework; includeInIndex = 0; path = Pods_SemsterProject9.framework; sourceTree = BUILT_PRODUCTS_DIR; };
		E73FCBF6FA08777963F3FE3C /* Pods-SemsterProject9.release.xcconfig */ = {isa = PBXFileReference; includeInIndex = 1; lastKnownFileType = text.xcconfig; name = "Pods-SemsterProject9.release.xcconfig"; path = "Target Support Files/Pods-SemsterProject9/Pods-SemsterProject9.release.xcconfig"; sourceTree = "<group>"; };
/* End PBXFileReference section */

/* Begin PBXFrameworksBuildPhase section */
		CEF7954D226C95D00013EF9C /* Frameworks */ = {
			isa = PBXFrameworksBuildPhase;
			buildActionMask = 2147483647;
			files = (
				47A2D79926897ECE6EC7B6F8 /* Pods_SemsterProject9.framework in Frameworks */,
			);
			runOnlyForDeploymentPostprocessing = 0;
		};
		CEF79561226C95D20013EF9C /* Frameworks */ = {
			isa = PBXFrameworksBuildPhase;
			buildActionMask = 2147483647;
			files = (
				1688666DC45BC706210C517B /* Pods_SemsterProject9Tests.framework in Frameworks */,
			);
			runOnlyForDeploymentPostprocessing = 0;
		};
		CEF7956C226C95D20013EF9C /* Frameworks */ = {
			isa = PBXFrameworksBuildPhase;
			buildActionMask = 2147483647;
			files = (
				B0C5FFFE19024C79CE6BE9E7 /* Pods_SemsterProject9UITests.framework in Frameworks */,
			);
			runOnlyForDeploymentPostprocessing = 0;
		};
/* End PBXFrameworksBuildPhase section */

/* Begin PBXGroup section */
		CEF79547226C95D00013EF9C = {
			isa = PBXGroup;
			children = (
				CEF79552226C95D00013EF9C /* SemsterProject9 */,
				CEF79567226C95D20013EF9C /* SemsterProject9Tests */,
				CEF79572226C95D20013EF9C /* SemsterProject9UITests */,
				CEF79551226C95D00013EF9C /* Products */,
				EAB7AA507BF60C7255815D3C /* Pods */,
				EF8547113C057816CC1CD769 /* Frameworks */,
			);
			sourceTree = "<group>";
		};
		CEF79551226C95D00013EF9C /* Products */ = {
			isa = PBXGroup;
			children = (
				CEF79550226C95D00013EF9C /* SemsterProject9.app */,
				CEF79564226C95D20013EF9C /* SemsterProject9Tests.xctest */,
				CEF7956F226C95D20013EF9C /* SemsterProject9UITests.xctest */,
			);
			name = Products;
			sourceTree = "<group>";
		};
		CEF79552226C95D00013EF9C /* SemsterProject9 */ = {
			isa = PBXGroup;
			children = (
				3315A73A2289F8BF001A5E59 /* AppIcon.png */,
				CEF79553226C95D00013EF9C /* AppDelegate.swift */,
				CEF79557226C95D00013EF9C /* Main.storyboard */,
				83AD02582280FFF200B0907A /* SwiftLibTableViewCell.swift */,
				CEF79581226C96110013EF9C /* SwiftLibObj.swift */,
				CEF79555226C95D00013EF9C /* ViewController.swift */,
				CEF7955A226C95D10013EF9C /* Assets.xcassets */,
				CEF7955C226C95D10013EF9C /* LaunchScreen.storyboard */,
				CEF7955F226C95D10013EF9C /* Info.plist */,
				83AD02602281307000B0907A /* SwiftLibTableViewController.swift */,
				83AD02AF228602FF00B0907A /* GoogleService-Info.plist */,
				332595792287B80600178F47 /* CreateSwiftLibController.swift */,
				3315A7382289F766001A5E59 /* AppImageView.swift */,
			);
			path = SemsterProject9;
			sourceTree = "<group>";
		};
		CEF79567226C95D20013EF9C /* SemsterProject9Tests */ = {
			isa = PBXGroup;
			children = (
				CEF79568226C95D20013EF9C /* SemsterProject9Tests.swift */,
				CEF7956A226C95D20013EF9C /* Info.plist */,
			);
			path = SemsterProject9Tests;
			sourceTree = "<group>";
		};
		CEF79572226C95D20013EF9C /* SemsterProject9UITests */ = {
			isa = PBXGroup;
			children = (
				CEF79573226C95D20013EF9C /* SemsterProject9UITests.swift */,
				CEF79575226C95D20013EF9C /* Info.plist */,
			);
			path = SemsterProject9UITests;
			sourceTree = "<group>";
		};
		EAB7AA507BF60C7255815D3C /* Pods */ = {
			isa = PBXGroup;
			children = (
				089DBEAEA2E7EDC5F7D43166 /* Pods-SemsterProject9.debug.xcconfig */,
				E73FCBF6FA08777963F3FE3C /* Pods-SemsterProject9.release.xcconfig */,
				846FE2F69E4EAC3221EE9D0C /* Pods-SemsterProject9Tests.debug.xcconfig */,
				4F9ECFEF0A48E4580CDAA14A /* Pods-SemsterProject9Tests.release.xcconfig */,
				C5568242F354AA2EA9179F92 /* Pods-SemsterProject9UITests.debug.xcconfig */,
				7EE8C51C5C28C52275F15DE1 /* Pods-SemsterProject9UITests.release.xcconfig */,
			);
			path = Pods;
			sourceTree = "<group>";
		};
		EF8547113C057816CC1CD769 /* Frameworks */ = {
			isa = PBXGroup;
			children = (
				D203E35BB5885981C2FAE42C /* Pods_SemsterProject9.framework */,
				C0BEF40988A4D9421B07EE8B /* Pods_SemsterProject9Tests.framework */,
				9732A78E5511089C978328E4 /* Pods_SemsterProject9UITests.framework */,
			);
			name = Frameworks;
			sourceTree = "<group>";
		};
/* End PBXGroup section */

/* Begin PBXNativeTarget section */
		CEF7954F226C95D00013EF9C /* SemsterProject9 */ = {
			isa = PBXNativeTarget;
			buildConfigurationList = CEF79578226C95D20013EF9C /* Build configuration list for PBXNativeTarget "SemsterProject9" */;
			buildPhases = (
				581DDE00368B91F82CE35C97 /* [CP] Check Pods Manifest.lock */,
				CEF7954C226C95D00013EF9C /* Sources */,
				CEF7954D226C95D00013EF9C /* Frameworks */,
				CEF7954E226C95D00013EF9C /* Resources */,
				DCC1A5657D062BE751DFA13E /* [CP] Embed Pods Frameworks */,
			);
			buildRules = (
			);
			dependencies = (
			);
			name = SemsterProject9;
			productName = SemsterProject9;
			productReference = CEF79550226C95D00013EF9C /* SemsterProject9.app */;
			productType = "com.apple.product-type.application";
		};
		CEF79563226C95D20013EF9C /* SemsterProject9Tests */ = {
			isa = PBXNativeTarget;
			buildConfigurationList = CEF7957B226C95D20013EF9C /* Build configuration list for PBXNativeTarget "SemsterProject9Tests" */;
			buildPhases = (
				8DC35163C95A9CE6565A665B /* [CP] Check Pods Manifest.lock */,
				CEF79560226C95D20013EF9C /* Sources */,
				CEF79561226C95D20013EF9C /* Frameworks */,
				CEF79562226C95D20013EF9C /* Resources */,
			);
			buildRules = (
			);
			dependencies = (
				CEF79566226C95D20013EF9C /* PBXTargetDependency */,
			);
			name = SemsterProject9Tests;
			productName = SemsterProject9Tests;
			productReference = CEF79564226C95D20013EF9C /* SemsterProject9Tests.xctest */;
			productType = "com.apple.product-type.bundle.unit-test";
		};
		CEF7956E226C95D20013EF9C /* SemsterProject9UITests */ = {
			isa = PBXNativeTarget;
			buildConfigurationList = CEF7957E226C95D20013EF9C /* Build configuration list for PBXNativeTarget "SemsterProject9UITests" */;
			buildPhases = (
				1305843D35F7944FD018C1E8 /* [CP] Check Pods Manifest.lock */,
				CEF7956B226C95D20013EF9C /* Sources */,
				CEF7956C226C95D20013EF9C /* Frameworks */,
				CEF7956D226C95D20013EF9C /* Resources */,
			);
			buildRules = (
			);
			dependencies = (
				CEF79571226C95D20013EF9C /* PBXTargetDependency */,
			);
			name = SemsterProject9UITests;
			productName = SemsterProject9UITests;
			productReference = CEF7956F226C95D20013EF9C /* SemsterProject9UITests.xctest */;
			productType = "com.apple.product-type.bundle.ui-testing";
		};
/* End PBXNativeTarget section */

/* Begin PBXProject section */
		CEF79548226C95D00013EF9C /* Project object */ = {
			isa = PBXProject;
			attributes = {
				LastSwiftUpdateCheck = 1010;
				LastUpgradeCheck = 1010;
				ORGANIZATIONNAME = SemesterProject9;
				TargetAttributes = {
					CEF7954F226C95D00013EF9C = {
						CreatedOnToolsVersion = 10.1;
					};
					CEF79563226C95D20013EF9C = {
						CreatedOnToolsVersion = 10.1;
						TestTargetID = CEF7954F226C95D00013EF9C;
					};
					CEF7956E226C95D20013EF9C = {
						CreatedOnToolsVersion = 10.1;
						TestTargetID = CEF7954F226C95D00013EF9C;
					};
				};
			};
			buildConfigurationList = CEF7954B226C95D00013EF9C /* Build configuration list for PBXProject "SemsterProject9" */;
			compatibilityVersion = "Xcode 9.3";
			developmentRegion = en;
			hasScannedForEncodings = 0;
			knownRegions = (
				en,
				Base,
			);
			mainGroup = CEF79547226C95D00013EF9C;
			productRefGroup = CEF79551226C95D00013EF9C /* Products */;
			projectDirPath = "";
			projectRoot = "";
			targets = (
				CEF7954F226C95D00013EF9C /* SemsterProject9 */,
				CEF79563226C95D20013EF9C /* SemsterProject9Tests */,
				CEF7956E226C95D20013EF9C /* SemsterProject9UITests */,
			);
		};
/* End PBXProject section */

/* Begin PBXResourcesBuildPhase section */
		CEF7954E226C95D00013EF9C /* Resources */ = {
			isa = PBXResourcesBuildPhase;
			buildActionMask = 2147483647;
			files = (
				CEF7955E226C95D10013EF9C /* LaunchScreen.storyboard in Resources */,
				83AD02B0228602FF00B0907A /* GoogleService-Info.plist in Resources */,
				CEF7955B226C95D10013EF9C /* Assets.xcassets in Resources */,
				3315A73B2289F8BF001A5E59 /* AppIcon.png in Resources */,
				CEF79559226C95D00013EF9C /* Main.storyboard in Resources */,
			);
			runOnlyForDeploymentPostprocessing = 0;
		};
		CEF79562226C95D20013EF9C /* Resources */ = {
			isa = PBXResourcesBuildPhase;
			buildActionMask = 2147483647;
			files = (
			);
			runOnlyForDeploymentPostprocessing = 0;
		};
		CEF7956D226C95D20013EF9C /* Resources */ = {
			isa = PBXResourcesBuildPhase;
			buildActionMask = 2147483647;
			files = (
			);
			runOnlyForDeploymentPostprocessing = 0;
		};
/* End PBXResourcesBuildPhase section */

/* Begin PBXShellScriptBuildPhase section */
		1305843D35F7944FD018C1E8 /* [CP] Check Pods Manifest.lock */ = {
			isa = PBXShellScriptBuildPhase;
			buildActionMask = 2147483647;
			files = (
			);
			inputFileListPaths = (
			);
			inputPaths = (
				"${PODS_PODFILE_DIR_PATH}/Podfile.lock",
				"${PODS_ROOT}/Manifest.lock",
			);
			name = "[CP] Check Pods Manifest.lock";
			outputFileListPaths = (
			);
			outputPaths = (
				"$(DERIVED_FILE_DIR)/Pods-SemsterProject9UITests-checkManifestLockResult.txt",
			);
			runOnlyForDeploymentPostprocessing = 0;
			shellPath = /bin/sh;
			shellScript = "diff \"${PODS_PODFILE_DIR_PATH}/Podfile.lock\" \"${PODS_ROOT}/Manifest.lock\" > /dev/null\nif [ $? != 0 ] ; then\n    # print error to STDERR\n    echo \"error: The sandbox is not in sync with the Podfile.lock. Run 'pod install' or update your CocoaPods installation.\" >&2\n    exit 1\nfi\n# This output is used by Xcode 'outputs' to avoid re-running this script phase.\necho \"SUCCESS\" > \"${SCRIPT_OUTPUT_FILE_0}\"\n";
			showEnvVarsInLog = 0;
		};
		581DDE00368B91F82CE35C97 /* [CP] Check Pods Manifest.lock */ = {
			isa = PBXShellScriptBuildPhase;
			buildActionMask = 2147483647;
			files = (
			);
			inputFileListPaths = (
			);
			inputPaths = (
				"${PODS_PODFILE_DIR_PATH}/Podfile.lock",
				"${PODS_ROOT}/Manifest.lock",
			);
			name = "[CP] Check Pods Manifest.lock";
			outputFileListPaths = (
			);
			outputPaths = (
				"$(DERIVED_FILE_DIR)/Pods-SemsterProject9-checkManifestLockResult.txt",
			);
			runOnlyForDeploymentPostprocessing = 0;
			shellPath = /bin/sh;
			shellScript = "diff \"${PODS_PODFILE_DIR_PATH}/Podfile.lock\" \"${PODS_ROOT}/Manifest.lock\" > /dev/null\nif [ $? != 0 ] ; then\n    # print error to STDERR\n    echo \"error: The sandbox is not in sync with the Podfile.lock. Run 'pod install' or update your CocoaPods installation.\" >&2\n    exit 1\nfi\n# This output is used by Xcode 'outputs' to avoid re-running this script phase.\necho \"SUCCESS\" > \"${SCRIPT_OUTPUT_FILE_0}\"\n";
			showEnvVarsInLog = 0;
		};
		8DC35163C95A9CE6565A665B /* [CP] Check Pods Manifest.lock */ = {
			isa = PBXShellScriptBuildPhase;
			buildActionMask = 2147483647;
			files = (
			);
			inputFileListPaths = (
			);
			inputPaths = (
				"${PODS_PODFILE_DIR_PATH}/Podfile.lock",
				"${PODS_ROOT}/Manifest.lock",
			);
			name = "[CP] Check Pods Manifest.lock";
			outputFileListPaths = (
			);
			outputPaths = (
				"$(DERIVED_FILE_DIR)/Pods-SemsterProject9Tests-checkManifestLockResult.txt",
			);
			runOnlyForDeploymentPostprocessing = 0;
			shellPath = /bin/sh;
			shellScript = "diff \"${PODS_PODFILE_DIR_PATH}/Podfile.lock\" \"${PODS_ROOT}/Manifest.lock\" > /dev/null\nif [ $? != 0 ] ; then\n    # print error to STDERR\n    echo \"error: The sandbox is not in sync with the Podfile.lock. Run 'pod install' or update your CocoaPods installation.\" >&2\n    exit 1\nfi\n# This output is used by Xcode 'outputs' to avoid re-running this script phase.\necho \"SUCCESS\" > \"${SCRIPT_OUTPUT_FILE_0}\"\n";
			showEnvVarsInLog = 0;
		};
		DCC1A5657D062BE751DFA13E /* [CP] Embed Pods Frameworks */ = {
			isa = PBXShellScriptBuildPhase;
			buildActionMask = 2147483647;
			files = (
			);
			inputFileListPaths = (
			);
			inputPaths = (
				"${PODS_ROOT}/Target Support Files/Pods-SemsterProject9/Pods-SemsterProject9-frameworks.sh",
				"${BUILT_PRODUCTS_DIR}/GTMSessionFetcher/GTMSessionFetcher.framework",
				"${BUILT_PRODUCTS_DIR}/GoogleUtilities/GoogleUtilities.framework",
				"${BUILT_PRODUCTS_DIR}/leveldb-library/leveldb.framework",
				"${BUILT_PRODUCTS_DIR}/nanopb/nanopb.framework",
			);
			name = "[CP] Embed Pods Frameworks";
			outputFileListPaths = (
			);
			outputPaths = (
				"${TARGET_BUILD_DIR}/${FRAMEWORKS_FOLDER_PATH}/GTMSessionFetcher.framework",
				"${TARGET_BUILD_DIR}/${FRAMEWORKS_FOLDER_PATH}/GoogleUtilities.framework",
				"${TARGET_BUILD_DIR}/${FRAMEWORKS_FOLDER_PATH}/leveldb.framework",
				"${TARGET_BUILD_DIR}/${FRAMEWORKS_FOLDER_PATH}/nanopb.framework",
			);
			runOnlyForDeploymentPostprocessing = 0;
			shellPath = /bin/sh;
			shellScript = "\"${PODS_ROOT}/Target Support Files/Pods-SemsterProject9/Pods-SemsterProject9-frameworks.sh\"\n";
			showEnvVarsInLog = 0;
		};
/* End PBXShellScriptBuildPhase section */

/* Begin PBXSourcesBuildPhase section */
		CEF7954C226C95D00013EF9C /* Sources */ = {
			isa = PBXSourcesBuildPhase;
			buildActionMask = 2147483647;
			files = (
				83AD02612281307000B0907A /* SwiftLibTableViewController.swift in Sources */,
				3315A7392289F766001A5E59 /* AppImageView.swift in Sources */,
				CEF79556226C95D00013EF9C /* ViewController.swift in Sources */,
				CEF79554226C95D00013EF9C /* AppDelegate.swift in Sources */,
				CEF79582226C96110013EF9C /* SwiftLibObj.swift in Sources */,
				83AD02592280FFF200B0907A /* SwiftLibTableViewCell.swift in Sources */,
				3325957A2287B80600178F47 /* CreateSwiftLibController.swift in Sources */,
			);
			runOnlyForDeploymentPostprocessing = 0;
		};
		CEF79560226C95D20013EF9C /* Sources */ = {
			isa = PBXSourcesBuildPhase;
			buildActionMask = 2147483647;
			files = (
				CEF79569226C95D20013EF9C /* SemsterProject9Tests.swift in Sources */,
			);
			runOnlyForDeploymentPostprocessing = 0;
		};
		CEF7956B226C95D20013EF9C /* Sources */ = {
			isa = PBXSourcesBuildPhase;
			buildActionMask = 2147483647;
			files = (
				CEF79574226C95D20013EF9C /* SemsterProject9UITests.swift in Sources */,
			);
			runOnlyForDeploymentPostprocessing = 0;
		};
/* End PBXSourcesBuildPhase section */

/* Begin PBXTargetDependency section */
		CEF79566226C95D20013EF9C /* PBXTargetDependency */ = {
			isa = PBXTargetDependency;
			target = CEF7954F226C95D00013EF9C /* SemsterProject9 */;
			targetProxy = CEF79565226C95D20013EF9C /* PBXContainerItemProxy */;
		};
		CEF79571226C95D20013EF9C /* PBXTargetDependency */ = {
			isa = PBXTargetDependency;
			target = CEF7954F226C95D00013EF9C /* SemsterProject9 */;
			targetProxy = CEF79570226C95D20013EF9C /* PBXContainerItemProxy */;
		};
/* End PBXTargetDependency section */

/* Begin PBXVariantGroup section */
		CEF79557226C95D00013EF9C /* Main.storyboard */ = {
			isa = PBXVariantGroup;
			children = (
				CEF79558226C95D00013EF9C /* Base */,
			);
			name = Main.storyboard;
			sourceTree = "<group>";
		};
		CEF7955C226C95D10013EF9C /* LaunchScreen.storyboard */ = {
			isa = PBXVariantGroup;
			children = (
				CEF7955D226C95D10013EF9C /* Base */,
			);
			name = LaunchScreen.storyboard;
			sourceTree = "<group>";
		};
/* End PBXVariantGroup section */

/* Begin XCBuildConfiguration section */
		CEF79576226C95D20013EF9C /* Debug */ = {
			isa = XCBuildConfiguration;
			buildSettings = {
				ALWAYS_SEARCH_USER_PATHS = NO;
				CLANG_ANALYZER_NONNULL = YES;
				CLANG_ANALYZER_NUMBER_OBJECT_CONVERSION = YES_AGGRESSIVE;
				CLANG_CXX_LANGUAGE_STANDARD = "gnu++14";
				CLANG_CXX_LIBRARY = "libc++";
				CLANG_ENABLE_MODULES = YES;
				CLANG_ENABLE_OBJC_ARC = YES;
				CLANG_ENABLE_OBJC_WEAK = YES;
				CLANG_WARN_BLOCK_CAPTURE_AUTORELEASING = YES;
				CLANG_WARN_BOOL_CONVERSION = YES;
				CLANG_WARN_COMMA = YES;
				CLANG_WARN_CONSTANT_CONVERSION = YES;
				CLANG_WARN_DEPRECATED_OBJC_IMPLEMENTATIONS = YES;
				CLANG_WARN_DIRECT_OBJC_ISA_USAGE = YES_ERROR;
				CLANG_WARN_DOCUMENTATION_COMMENTS = YES;
				CLANG_WARN_EMPTY_BODY = YES;
				CLANG_WARN_ENUM_CONVERSION = YES;
				CLANG_WARN_INFINITE_RECURSION = YES;
				CLANG_WARN_INT_CONVERSION = YES;
				CLANG_WARN_NON_LITERAL_NULL_CONVERSION = YES;
				CLANG_WARN_OBJC_IMPLICIT_RETAIN_SELF = YES;
				CLANG_WARN_OBJC_LITERAL_CONVERSION = YES;
				CLANG_WARN_OBJC_ROOT_CLASS = YES_ERROR;
				CLANG_WARN_RANGE_LOOP_ANALYSIS = YES;
				CLANG_WARN_STRICT_PROTOTYPES = YES;
				CLANG_WARN_SUSPICIOUS_MOVE = YES;
				CLANG_WARN_UNGUARDED_AVAILABILITY = YES_AGGRESSIVE;
				CLANG_WARN_UNREACHABLE_CODE = YES;
				CLANG_WARN__DUPLICATE_METHOD_MATCH = YES;
				CODE_SIGN_IDENTITY = "iPhone Developer";
				COPY_PHASE_STRIP = NO;
				DEBUG_INFORMATION_FORMAT = dwarf;
				ENABLE_STRICT_OBJC_MSGSEND = YES;
				ENABLE_TESTABILITY = YES;
				GCC_C_LANGUAGE_STANDARD = gnu11;
				GCC_DYNAMIC_NO_PIC = NO;
				GCC_NO_COMMON_BLOCKS = YES;
				GCC_OPTIMIZATION_LEVEL = 0;
				GCC_PREPROCESSOR_DEFINITIONS = (
					"DEBUG=1",
					"$(inherited)",
				);
				GCC_WARN_64_TO_32_BIT_CONVERSION = YES;
				GCC_WARN_ABOUT_RETURN_TYPE = YES_ERROR;
				GCC_WARN_UNDECLARED_SELECTOR = YES;
				GCC_WARN_UNINITIALIZED_AUTOS = YES_AGGRESSIVE;
				GCC_WARN_UNUSED_FUNCTION = YES;
				GCC_WARN_UNUSED_VARIABLE = YES;
				IPHONEOS_DEPLOYMENT_TARGET = 12.1;
				MTL_ENABLE_DEBUG_INFO = INCLUDE_SOURCE;
				MTL_FAST_MATH = YES;
				ONLY_ACTIVE_ARCH = YES;
				SDKROOT = iphoneos;
				SWIFT_ACTIVE_COMPILATION_CONDITIONS = DEBUG;
				SWIFT_OPTIMIZATION_LEVEL = "-Onone";
			};
			name = Debug;
		};
		CEF79577226C95D20013EF9C /* Release */ = {
			isa = XCBuildConfiguration;
			buildSettings = {
				ALWAYS_SEARCH_USER_PATHS = NO;
				CLANG_ANALYZER_NONNULL = YES;
				CLANG_ANALYZER_NUMBER_OBJECT_CONVERSION = YES_AGGRESSIVE;
				CLANG_CXX_LANGUAGE_STANDARD = "gnu++14";
				CLANG_CXX_LIBRARY = "libc++";
				CLANG_ENABLE_MODULES = YES;
				CLANG_ENABLE_OBJC_ARC = YES;
				CLANG_ENABLE_OBJC_WEAK = YES;
				CLANG_WARN_BLOCK_CAPTURE_AUTORELEASING = YES;
				CLANG_WARN_BOOL_CONVERSION = YES;
				CLANG_WARN_COMMA = YES;
				CLANG_WARN_CONSTANT_CONVERSION = YES;
				CLANG_WARN_DEPRECATED_OBJC_IMPLEMENTATIONS = YES;
				CLANG_WARN_DIRECT_OBJC_ISA_USAGE = YES_ERROR;
				CLANG_WARN_DOCUMENTATION_COMMENTS = YES;
				CLANG_WARN_EMPTY_BODY = YES;
				CLANG_WARN_ENUM_CONVERSION = YES;
				CLANG_WARN_INFINITE_RECURSION = YES;
				CLANG_WARN_INT_CONVERSION = YES;
				CLANG_WARN_NON_LITERAL_NULL_CONVERSION = YES;
				CLANG_WARN_OBJC_IMPLICIT_RETAIN_SELF = YES;
				CLANG_WARN_OBJC_LITERAL_CONVERSION = YES;
				CLANG_WARN_OBJC_ROOT_CLASS = YES_ERROR;
				CLANG_WARN_RANGE_LOOP_ANALYSIS = YES;
				CLANG_WARN_STRICT_PROTOTYPES = YES;
				CLANG_WARN_SUSPICIOUS_MOVE = YES;
				CLANG_WARN_UNGUARDED_AVAILABILITY = YES_AGGRESSIVE;
				CLANG_WARN_UNREACHABLE_CODE = YES;
				CLANG_WARN__DUPLICATE_METHOD_MATCH = YES;
				CODE_SIGN_IDENTITY = "iPhone Developer";
				COPY_PHASE_STRIP = NO;
				DEBUG_INFORMATION_FORMAT = "dwarf-with-dsym";
				ENABLE_NS_ASSERTIONS = NO;
				ENABLE_STRICT_OBJC_MSGSEND = YES;
				GCC_C_LANGUAGE_STANDARD = gnu11;
				GCC_NO_COMMON_BLOCKS = YES;
				GCC_WARN_64_TO_32_BIT_CONVERSION = YES;
				GCC_WARN_ABOUT_RETURN_TYPE = YES_ERROR;
				GCC_WARN_UNDECLARED_SELECTOR = YES;
				GCC_WARN_UNINITIALIZED_AUTOS = YES_AGGRESSIVE;
				GCC_WARN_UNUSED_FUNCTION = YES;
				GCC_WARN_UNUSED_VARIABLE = YES;
				IPHONEOS_DEPLOYMENT_TARGET = 12.1;
				MTL_ENABLE_DEBUG_INFO = NO;
				MTL_FAST_MATH = YES;
				SDKROOT = iphoneos;
				SWIFT_COMPILATION_MODE = wholemodule;
				SWIFT_OPTIMIZATION_LEVEL = "-O";
				VALIDATE_PRODUCT = YES;
			};
			name = Release;
		};
		CEF79579226C95D20013EF9C /* Debug */ = {
			isa = XCBuildConfiguration;
			baseConfigurationReference = 089DBEAEA2E7EDC5F7D43166 /* Pods-SemsterProject9.debug.xcconfig */;
			buildSettings = {
				ASSETCATALOG_COMPILER_APPICON_NAME = AppIcon;
				CODE_SIGN_STYLE = Automatic;
				INFOPLIST_FILE = SemsterProject9/Info.plist;
				LD_RUNPATH_SEARCH_PATHS = (
					"$(inherited)",
					"@executable_path/Frameworks",
				);
				PRODUCT_BUNDLE_IDENTIFIER = edu.umd.cmsc436.SemesterProject9.SemsterProject9;
				PRODUCT_NAME = "$(TARGET_NAME)";
				SWIFT_VERSION = 4.2;
				TARGETED_DEVICE_FAMILY = "1,2";
			};
			name = Debug;
		};
		CEF7957A226C95D20013EF9C /* Release */ = {
			isa = XCBuildConfiguration;
			baseConfigurationReference = E73FCBF6FA08777963F3FE3C /* Pods-SemsterProject9.release.xcconfig */;
			buildSettings = {
				ASSETCATALOG_COMPILER_APPICON_NAME = AppIcon;
				CODE_SIGN_STYLE = Automatic;
				INFOPLIST_FILE = SemsterProject9/Info.plist;
				LD_RUNPATH_SEARCH_PATHS = (
					"$(inherited)",
					"@executable_path/Frameworks",
				);
				PRODUCT_BUNDLE_IDENTIFIER = edu.umd.cmsc436.SemesterProject9.SemsterProject9;
				PRODUCT_NAME = "$(TARGET_NAME)";
				SWIFT_VERSION = 4.2;
				TARGETED_DEVICE_FAMILY = "1,2";
			};
			name = Release;
		};
		CEF7957C226C95D20013EF9C /* Debug */ = {
			isa = XCBuildConfiguration;
			baseConfigurationReference = 846FE2F69E4EAC3221EE9D0C /* Pods-SemsterProject9Tests.debug.xcconfig */;
			buildSettings = {
				ALWAYS_EMBED_SWIFT_STANDARD_LIBRARIES = YES;
				BUNDLE_LOADER = "$(TEST_HOST)";
				CODE_SIGN_STYLE = Automatic;
				INFOPLIST_FILE = SemsterProject9Tests/Info.plist;
				LD_RUNPATH_SEARCH_PATHS = (
					"$(inherited)",
					"@executable_path/Frameworks",
					"@loader_path/Frameworks",
				);
				PRODUCT_BUNDLE_IDENTIFIER = edu.umd.cmsc436.SemesterProject9.SemsterProject9Tests;
				PRODUCT_NAME = "$(TARGET_NAME)";
				SWIFT_VERSION = 4.2;
				TARGETED_DEVICE_FAMILY = "1,2";
				TEST_HOST = "$(BUILT_PRODUCTS_DIR)/SemsterProject9.app/SemsterProject9";
			};
			name = Debug;
		};
		CEF7957D226C95D20013EF9C /* Release */ = {
			isa = XCBuildConfiguration;
			baseConfigurationReference = 4F9ECFEF0A48E4580CDAA14A /* Pods-SemsterProject9Tests.release.xcconfig */;
			buildSettings = {
				ALWAYS_EMBED_SWIFT_STANDARD_LIBRARIES = YES;
				BUNDLE_LOADER = "$(TEST_HOST)";
				CODE_SIGN_STYLE = Automatic;
				INFOPLIST_FILE = SemsterProject9Tests/Info.plist;
				LD_RUNPATH_SEARCH_PATHS = (
					"$(inherited)",
					"@executable_path/Frameworks",
					"@loader_path/Frameworks",
				);
				PRODUCT_BUNDLE_IDENTIFIER = edu.umd.cmsc436.SemesterProject9.SemsterProject9Tests;
				PRODUCT_NAME = "$(TARGET_NAME)";
				SWIFT_VERSION = 4.2;
				TARGETED_DEVICE_FAMILY = "1,2";
				TEST_HOST = "$(BUILT_PRODUCTS_DIR)/SemsterProject9.app/SemsterProject9";
			};
			name = Release;
		};
		CEF7957F226C95D20013EF9C /* Debug */ = {
			isa = XCBuildConfiguration;
			baseConfigurationReference = C5568242F354AA2EA9179F92 /* Pods-SemsterProject9UITests.debug.xcconfig */;
			buildSettings = {
				ALWAYS_EMBED_SWIFT_STANDARD_LIBRARIES = YES;
				CODE_SIGN_STYLE = Automatic;
				INFOPLIST_FILE = SemsterProject9UITests/Info.plist;
				LD_RUNPATH_SEARCH_PATHS = (
					"$(inherited)",
					"@executable_path/Frameworks",
					"@loader_path/Frameworks",
				);
				PRODUCT_BUNDLE_IDENTIFIER = edu.umd.cmsc436.SemesterProject9.SemsterProject9UITests;
				PRODUCT_NAME = "$(TARGET_NAME)";
				SWIFT_VERSION = 4.2;
				TARGETED_DEVICE_FAMILY = "1,2";
				TEST_TARGET_NAME = SemsterProject9;
			};
			name = Debug;
		};
		CEF79580226C95D20013EF9C /* Release */ = {
			isa = XCBuildConfiguration;
			baseConfigurationReference = 7EE8C51C5C28C52275F15DE1 /* Pods-SemsterProject9UITests.release.xcconfig */;
			buildSettings = {
				ALWAYS_EMBED_SWIFT_STANDARD_LIBRARIES = YES;
				CODE_SIGN_STYLE = Automatic;
				INFOPLIST_FILE = SemsterProject9UITests/Info.plist;
				LD_RUNPATH_SEARCH_PATHS = (
					"$(inherited)",
					"@executable_path/Frameworks",
					"@loader_path/Frameworks",
				);
				PRODUCT_BUNDLE_IDENTIFIER = edu.umd.cmsc436.SemesterProject9.SemsterProject9UITests;
				PRODUCT_NAME = "$(TARGET_NAME)";
				SWIFT_VERSION = 4.2;
				TARGETED_DEVICE_FAMILY = "1,2";
				TEST_TARGET_NAME = SemsterProject9;
			};
			name = Release;
		};
/* End XCBuildConfiguration section */

/* Begin XCConfigurationList section */
		CEF7954B226C95D00013EF9C /* Build configuration list for PBXProject "SemsterProject9" */ = {
			isa = XCConfigurationList;
			buildConfigurations = (
				CEF79576226C95D20013EF9C /* Debug */,
				CEF79577226C95D20013EF9C /* Release */,
			);
			defaultConfigurationIsVisible = 0;
			defaultConfigurationName = Release;
		};
		CEF79578226C95D20013EF9C /* Build configuration list for PBXNativeTarget "SemsterProject9" */ = {
			isa = XCConfigurationList;
			buildConfigurations = (
				CEF79579226C95D20013EF9C /* Debug */,
				CEF7957A226C95D20013EF9C /* Release */,
			);
			defaultConfigurationIsVisible = 0;
			defaultConfigurationName = Release;
		};
		CEF7957B226C95D20013EF9C /* Build configuration list for PBXNativeTarget "SemsterProject9Tests" */ = {
			isa = XCConfigurationList;
			buildConfigurations = (
				CEF7957C226C95D20013EF9C /* Debug */,
				CEF7957D226C95D20013EF9C /* Release */,
			);
			defaultConfigurationIsVisible = 0;
			defaultConfigurationName = Release;
		};
		CEF7957E226C95D20013EF9C /* Build configuration list for PBXNativeTarget "SemsterProject9UITests" */ = {
			isa = XCConfigurationList;
			buildConfigurations = (
				CEF7957F226C95D20013EF9C /* Debug */,
				CEF79580226C95D20013EF9C /* Release */,
			);
			defaultConfigurationIsVisible = 0;
			defaultConfigurationName = Release;
		};
/* End XCConfigurationList section */
	};
	rootObject = CEF79548226C95D00013EF9C /* Project object */;
}
